
Microsoft Visual Studio Solution File, Format Version 12.00
# Visual Studio Version 17
VisualStudioVersion = 17.5.33627.172
MinimumVisualStudioVersion = 10.0.40219.1
Project("{FAE04EC0-301F-11D3-BF4B-00C04F79EFBC}") = "NZWALKS.API", "NZWALKS.API\NZWALKS.API.csproj", "{B309C685-BA6D-4887-B925-78AD07BB09E7}"
EndProject
Global
	GlobalSection(SolutionConfigurationPlatforms) = preSolution
		Debug|Any CPU = Debug|Any CPU
		Release|Any CPU = Release|Any CPU
	EndGlobalSection
	GlobalSection(ProjectConfigurationPlatforms) = postSolution
		{B309C685-BA6D-4887-B925-78AD07BB09E7}.Debug|Any CPU.ActiveCfg = Debug|Any CPU
		{B309C685-BA6D-4887-B925-78AD07BB09E7}.Debug|Any CPU.Build.0 = Debug|Any CPU
		{B309C685-BA6D-4887-B925-78AD07BB09E7}.Release|Any CPU.ActiveCfg = Release|Any CPU
		{B309C685-BA6D-4887-B925-78AD07BB09E7}.Release|Any CPU.Build.0 = Release|Any CPU
	EndGlobalSection
	GlobalSection(SolutionProperties) = preSolution
		HideSolutionNode = FALSE
	EndGlobalSection
	GlobalSection(ExtensibilityGlobals) = postSolution
		SolutionGuid = {D09A345E-6750-437B-9C53-4E4D52DE7117}
	EndGlobalSection
EndGlobal
